// !$*UTF8*$!
{
	archiveVersion = 1;
	classes = {
	};
	objectVersion = 50;
	objects = {

/* Begin PBXBuildFile section */
		C33D1FC7246654240035389D /* main.c in Sources */ = {isa = PBXBuildFile; fileRef = C33D1FC6246654240035389D /* main.c */; };
		C33D1FD224669F070035389D /* main.c in Sources */ = {isa = PBXBuildFile; fileRef = C33D1FD124669F070035389D /* main.c */; };
		C3AFD7272466A829006F24F4 /* main.c in Sources */ = {isa = PBXBuildFile; fileRef = C3AFD7262466A829006F24F4 /* main.c */; };
/* End PBXBuildFile section */

/* Begin PBXCopyFilesBuildPhase section */
		C33D1FC2246654240035389D /* CopyFiles */ = {
			isa = PBXCopyFilesBuildPhase;
			buildActionMask = 2147483647;
			dstPath = /usr/share/man/man1/;
			dstSubfolderSpec = 0;
			files = (
			);
			runOnlyForDeploymentPostprocessing = 1;
		};
		C33D1FCD24669F070035389D /* CopyFiles */ = {
			isa = PBXCopyFilesBuildPhase;
			buildActionMask = 2147483647;
			dstPath = /usr/share/man/man1/;
			dstSubfolderSpec = 0;
			files = (
			);
			runOnlyForDeploymentPostprocessing = 1;
		};
		C3AFD7222466A829006F24F4 /* CopyFiles */ = {
			isa = PBXCopyFilesBuildPhase;
			buildActionMask = 2147483647;
			dstPath = /usr/share/man/man1/;
			dstSubfolderSpec = 0;
			files = (
			);
			runOnlyForDeploymentPostprocessing = 1;
		};
/* End PBXCopyFilesBuildPhase section */

/* Begin PBXFileReference section */
		C33D1FC4246654240035389D /* 单链表 */ = {isa = PBXFileReference; explicitFileType = "compiled.mach-o.executable"; includeInIndex = 0; path = "单链表"; sourceTree = BUILT_PRODUCTS_DIR; };
		C33D1FC6246654240035389D /* main.c */ = {isa = PBXFileReference; lastKnownFileType = sourcecode.c.c; path = main.c; sourceTree = "<group>"; };
		C33D1FCF24669F070035389D /* 双链表 */ = {isa = PBXFileReference; explicitFileType = "compiled.mach-o.executable"; includeInIndex = 0; path = "双链表"; sourceTree = BUILT_PRODUCTS_DIR; };
		C33D1FD124669F070035389D /* main.c */ = {isa = PBXFileReference; lastKnownFileType = sourcecode.c.c; path = main.c; sourceTree = "<group>"; };
		C3AFD7242466A829006F24F4 /* 单向循环链表 */ = {isa = PBXFileReference; explicitFileType = "compiled.mach-o.executable"; includeInIndex = 0; path = "单向循环链表"; sourceTree = BUILT_PRODUCTS_DIR; };
		C3AFD7262466A829006F24F4 /* main.c */ = {isa = PBXFileReference; lastKnownFileType = sourcecode.c.c; path = main.c; sourceTree = "<group>"; };
/* End PBXFileReference section */

/* Begin PBXFrameworksBuildPhase section */
		C33D1FC1246654240035389D /* Frameworks */ = {
			isa = PBXFrameworksBuildPhase;
			buildActionMask = 2147483647;
			files = (
			);
			runOnlyForDeploymentPostprocessing = 0;
		};
		C33D1FCC24669F070035389D /* Frameworks */ = {
			isa = PBXFrameworksBuildPhase;
			buildActionMask = 2147483647;
			files = (
			);
			runOnlyForDeploymentPostprocessing = 0;
		};
		C3AFD7212466A829006F24F4 /* Frameworks */ = {
			isa = PBXFrameworksBuildPhase;
			buildActionMask = 2147483647;
			files = (
			);
			runOnlyForDeploymentPostprocessing = 0;
		};
/* End PBXFrameworksBuildPhase section */

/* Begin PBXGroup section */
		C33D1F97246025260035389D = {
			isa = PBXGroup;
			children = (
				C33D1FC5246654240035389D /* 单链表 */,
				C3AFD7252466A829006F24F4 /* 单向循环链表 */,
				C33D1FD024669F070035389D /* 双链表 */,
				C33D1FA1246025260035389D /* Products */,
			);
			sourceTree = "<group>";
		};
		C33D1FA1246025260035389D /* Products */ = {
			isa = PBXGroup;
			children = (
				C33D1FC4246654240035389D /* 单链表 */,
				C33D1FCF24669F070035389D /* 双链表 */,
				C3AFD7242466A829006F24F4 /* 单向循环链表 */,
			);
			name = Products;
			sourceTree = "<group>";
		};
		C33D1FC5246654240035389D /* 单链表 */ = {
			isa = PBXGroup;
			children = (
				C33D1FC6246654240035389D /* main.c */,
			);
			path = "单链表";
			sourceTree = "<group>";
		};
		C33D1FD024669F070035389D /* 双链表 */ = {
			isa = PBXGroup;
			children = (
				C33D1FD124669F070035389D /* main.c */,
			);
			path = "双链表";
			sourceTree = "<group>";
		};
		C3AFD7252466A829006F24F4 /* 单向循环链表 */ = {
			isa = PBXGroup;
			children = (
				C3AFD7262466A829006F24F4 /* main.c */,
			);
			path = "单向循环链表";
			sourceTree = "<group>";
		};
/* End PBXGroup section */

/* Begin PBXNativeTarget section */
		C33D1FC3246654240035389D /* 单链表 */ = {
			isa = PBXNativeTarget;
			buildConfigurationList = C33D1FC8246654240035389D /* Build configuration list for PBXNativeTarget "单链表" */;
			buildPhases = (
				C33D1FC0246654240035389D /* Sources */,
				C33D1FC1246654240035389D /* Frameworks */,
				C33D1FC2246654240035389D /* CopyFiles */,
			);
			buildRules = (
			);
			dependencies = (
			);
			name = "单链表";
			productName = "单链表";
			productReference = C33D1FC4246654240035389D /* 单链表 */;
			productType = "com.apple.product-type.tool";
		};
		C33D1FCE24669F070035389D /* 双链表 */ = {
			isa = PBXNativeTarget;
			buildConfigurationList = C33D1FD324669F070035389D /* Build configuration list for PBXNativeTarget "双链表" */;
			buildPhases = (
				C33D1FCB24669F070035389D /* Sources */,
				C33D1FCC24669F070035389D /* Frameworks */,
				C33D1FCD24669F070035389D /* CopyFiles */,
			);
			buildRules = (
			);
			dependencies = (
			);
			name = "双链表";
			productName = "双链表";
			productReference = C33D1FCF24669F070035389D /* 双链表 */;
			productType = "com.apple.product-type.tool";
		};
		C3AFD7232466A829006F24F4 /* 单向循环链表 */ = {
			isa = PBXNativeTarget;
			buildConfigurationList = C3AFD72A2466A829006F24F4 /* Build configuration list for PBXNativeTarget "单向循环链表" */;
			buildPhases = (
				C3AFD7202466A829006F24F4 /* Sources */,
				C3AFD7212466A829006F24F4 /* Frameworks */,
				C3AFD7222466A829006F24F4 /* CopyFiles */,
			);
			buildRules = (
			);
			dependencies = (
			);
			name = "单向循环链表";
			productName = "单向循环链表";
			productReference = C3AFD7242466A829006F24F4 /* 单向循环链表 */;
			productType = "com.apple.product-type.tool";
		};
/* End PBXNativeTarget section */

/* Begin PBXProject section */
		C33D1F98246025260035389D /* Project object */ = {
			isa = PBXProject;
			attributes = {
				LastUpgradeCheck = 1140;
				ORGANIZATIONNAME = "Constant Cody";
				TargetAttributes = {
					C33D1FC3246654240035389D = {
						CreatedOnToolsVersion = 11.4.1;
					};
					C33D1FCE24669F070035389D = {
						CreatedOnToolsVersion = 11.4.1;
					};
					C3AFD7232466A829006F24F4 = {
						CreatedOnToolsVersion = 11.4.1;
					};
				};
			};
			buildConfigurationList = C33D1F9B246025260035389D /* Build configuration list for PBXProject "linkedlist" */;
			compatibilityVersion = "Xcode 9.3";
			developmentRegion = en;
			hasScannedForEncodings = 0;
			knownRegions = (
				en,
				Base,
			);
			mainGroup = C33D1F97246025260035389D;
			productRefGroup = C33D1FA1246025260035389D /* Products */;
			projectDirPath = "";
			projectRoot = "";
			targets = (
				C33D1FC3246654240035389D /* 单链表 */,
				C33D1FCE24669F070035389D /* 双链表 */,
				C3AFD7232466A829006F24F4 /* 单向循环链表 */,
			);
		};
/* End PBXProject section */

/* Begin PBXSourcesBuildPhase section */
		C33D1FC0246654240035389D /* Sources */ = {
			isa = PBXSourcesBuildPhase;
			buildActionMask = 2147483647;
			files = (
				C33D1FC7246654240035389D /* main.c in Sources */,
			);
			runOnlyForDeploymentPostprocessing = 0;
		};
		C33D1FCB24669F070035389D /* Sources */ = {
			isa = PBXSourcesBuildPhase;
			buildActionMask = 2147483647;
			files = (
				C33D1FD224669F070035389D /* main.c in Sources */,
			);
			runOnlyForDeploymentPostprocessing = 0;
		};
		C3AFD7202466A829006F24F4 /* Sources */ = {
			isa = PBXSourcesBuildPhase;
			buildActionMask = 2147483647;
			files = (
				C3AFD7272466A829006F24F4 /* main.c in Sources */,
			);
			runOnlyForDeploymentPostprocessing = 0;
		};
/* End PBXSourcesBuildPhase section */

/* Begin XCBuildConfiguration section */
		C33D1FA5246025260035389D /* Debug */ = {
			isa = XCBuildConfiguration;
			buildSettings = {
				ALWAYS_SEARCH_USER_PATHS = NO;
				CLANG_ANALYZER_NONNULL = YES;
				CLANG_ANALYZER_NUMBER_OBJECT_CONVERSION = YES_AGGRESSIVE;
				CLANG_CXX_LANGUAGE_STANDARD = "gnu++14";
				CLANG_CXX_LIBRARY = "libc++";
				CLANG_ENABLE_MODULES = YES;
				CLANG_ENABLE_OBJC_ARC = YES;
				CLANG_ENABLE_OBJC_WEAK = YES;
				CLANG_WARN_BLOCK_CAPTURE_AUTORELEASING = YES;
				CLANG_WARN_BOOL_CONVERSION = YES;
				CLANG_WARN_COMMA = YES;
				CLANG_WARN_CONSTANT_CONVERSION = YES;
				CLANG_WARN_DEPRECATED_OBJC_IMPLEMENTATIONS = YES;
				CLANG_WARN_DIRECT_OBJC_ISA_USAGE = YES_ERROR;
				CLANG_WARN_DOCUMENTATION_COMMENTS = YES;
				CLANG_WARN_EMPTY_BODY = YES;
				CLANG_WARN_ENUM_CONVERSION = YES;
				CLANG_WARN_INFINITE_RECURSION = YES;
				CLANG_WARN_INT_CONVERSION = YES;
				CLANG_WARN_NON_LITERAL_NULL_CONVERSION = YES;
				CLANG_WARN_OBJC_IMPLICIT_RETAIN_SELF = YES;
				CLANG_WARN_OBJC_LITERAL_CONVERSION = YES;
				CLANG_WARN_OBJC_ROOT_CLASS = YES_ERROR;
				CLANG_WARN_RANGE_LOOP_ANALYSIS = YES;
				CLANG_WARN_STRICT_PROTOTYPES = YES;
				CLANG_WARN_SUSPICIOUS_MOVE = YES;
				CLANG_WARN_UNGUARDED_AVAILABILITY = YES_AGGRESSIVE;
				CLANG_WARN_UNREACHABLE_CODE = YES;
				CLANG_WARN__DUPLICATE_METHOD_MATCH = YES;
				COPY_PHASE_STRIP = NO;
				DEBUG_INFORMATION_FORMAT = dwarf;
				ENABLE_STRICT_OBJC_MSGSEND = YES;
				ENABLE_TESTABILITY = YES;
				GCC_C_LANGUAGE_STANDARD = gnu11;
				GCC_DYNAMIC_NO_PIC = NO;
				GCC_NO_COMMON_BLOCKS = YES;
				GCC_OPTIMIZATION_LEVEL = 0;
				GCC_PREPROCESSOR_DEFINITIONS = (
					"DEBUG=1",
					"$(inherited)",
				);
				GCC_WARN_64_TO_32_BIT_CONVERSION = YES;
				GCC_WARN_ABOUT_RETURN_TYPE = YES_ERROR;
				GCC_WARN_UNDECLARED_SELECTOR = YES;
				GCC_WARN_UNINITIALIZED_AUTOS = YES_AGGRESSIVE;
				GCC_WARN_UNUSED_FUNCTION = YES;
				GCC_WARN_UNUSED_VARIABLE = YES;
				MACOSX_DEPLOYMENT_TARGET = 10.15;
				MTL_ENABLE_DEBUG_INFO = INCLUDE_SOURCE;
				MTL_FAST_MATH = YES;
				ONLY_ACTIVE_ARCH = YES;
				SDKROOT = macosx;
			};
			name = Debug;
		};
		C33D1FA6246025260035389D /* Release */ = {
			isa = XCBuildConfiguration;
			buildSettings = {
				ALWAYS_SEARCH_USER_PATHS = NO;
				CLANG_ANALYZER_NONNULL = YES;
				CLANG_ANALYZER_NUMBER_OBJECT_CONVERSION = YES_AGGRESSIVE;
				CLANG_CXX_LANGUAGE_STANDARD = "gnu++14";
				CLANG_CXX_LIBRARY = "libc++";
				CLANG_ENABLE_MODULES = YES;
				CLANG_ENABLE_OBJC_ARC = YES;
				CLANG_ENABLE_OBJC_WEAK = YES;
				CLANG_WARN_BLOCK_CAPTURE_AUTORELEASING = YES;
				CLANG_WARN_BOOL_CONVERSION = YES;
				CLANG_WARN_COMMA = YES;
				CLANG_WARN_CONSTANT_CONVERSION = YES;
				CLANG_WARN_DEPRECATED_OBJC_IMPLEMENTATIONS = YES;
				CLANG_WARN_DIRECT_OBJC_ISA_USAGE = YES_ERROR;
				CLANG_WARN_DOCUMENTATION_COMMENTS = YES;
				CLANG_WARN_EMPTY_BODY = YES;
				CLANG_WARN_ENUM_CONVERSION = YES;
				CLANG_WARN_INFINITE_RECURSION = YES;
				CLANG_WARN_INT_CONVERSION = YES;
				CLANG_WARN_NON_LITERAL_NULL_CONVERSION = YES;
				CLANG_WARN_OBJC_IMPLICIT_RETAIN_SELF = YES;
				CLANG_WARN_OBJC_LITERAL_CONVERSION = YES;
				CLANG_WARN_OBJC_ROOT_CLASS = YES_ERROR;
				CLANG_WARN_RANGE_LOOP_ANALYSIS = YES;
				CLANG_WARN_STRICT_PROTOTYPES = YES;
				CLANG_WARN_SUSPICIOUS_MOVE = YES;
				CLANG_WARN_UNGUARDED_AVAILABILITY = YES_AGGRESSIVE;
				CLANG_WARN_UNREACHABLE_CODE = YES;
				CLANG_WARN__DUPLICATE_METHOD_MATCH = YES;
				COPY_PHASE_STRIP = NO;
				DEBUG_INFORMATION_FORMAT = "dwarf-with-dsym";
				ENABLE_NS_ASSERTIONS = NO;
				ENABLE_STRICT_OBJC_MSGSEND = YES;
				GCC_C_LANGUAGE_STANDARD = gnu11;
				GCC_NO_COMMON_BLOCKS = YES;
				GCC_WARN_64_TO_32_BIT_CONVERSION = YES;
				GCC_WARN_ABOUT_RETURN_TYPE = YES_ERROR;
				GCC_WARN_UNDECLARED_SELECTOR = YES;
				GCC_WARN_UNINITIALIZED_AUTOS = YES_AGGRESSIVE;
				GCC_WARN_UNUSED_FUNCTION = YES;
				GCC_WARN_UNUSED_VARIABLE = YES;
				MACOSX_DEPLOYMENT_TARGET = 10.15;
				MTL_ENABLE_DEBUG_INFO = NO;
				MTL_FAST_MATH = YES;
				SDKROOT = macosx;
			};
			name = Release;
		};
		C33D1FC9246654240035389D /* Debug */ = {
			isa = XCBuildConfiguration;
			buildSettings = {
				CODE_SIGN_STYLE = Automatic;
				DEVELOPMENT_TEAM = 222F9N4PWP;
				ENABLE_HARDENED_RUNTIME = YES;
				PRODUCT_NAME = "$(TARGET_NAME)";
			};
			name = Debug;
		};
		C33D1FCA246654240035389D /* Release */ = {
			isa = XCBuildConfiguration;
			buildSettings = {
				CODE_SIGN_STYLE = Automatic;
				DEVELOPMENT_TEAM = 222F9N4PWP;
				ENABLE_HARDENED_RUNTIME = YES;
				PRODUCT_NAME = "$(TARGET_NAME)";
			};
			name = Release;
		};
		C33D1FD424669F070035389D /* Debug */ = {
			isa = XCBuildConfiguration;
			buildSettings = {
				CODE_SIGN_STYLE = Automatic;
				DEVELOPMENT_TEAM = 222F9N4PWP;
				ENABLE_HARDENED_RUNTIME = YES;
				PRODUCT_NAME = "$(TARGET_NAME)";
			};
			name = Debug;
		};
		C33D1FD524669F070035389D /* Release */ = {
			isa = XCBuildConfiguration;
			buildSettings = {
				CODE_SIGN_STYLE = Automatic;
				DEVELOPMENT_TEAM = 222F9N4PWP;
				ENABLE_HARDENED_RUNTIME = YES;
				PRODUCT_NAME = "$(TARGET_NAME)";
			};
			name = Release;
		};
		C3AFD7282466A829006F24F4 /* Debug */ = {
			isa = XCBuildConfiguration;
			buildSettings = {
				CODE_SIGN_STYLE = Automatic;
				DEVELOPMENT_TEAM = 222F9N4PWP;
				ENABLE_HARDENED_RUNTIME = YES;
				PRODUCT_NAME = "$(TARGET_NAME)";
			};
			name = Debug;
		};
		C3AFD7292466A829006F24F4 /* Release */ = {
			isa = XCBuildConfiguration;
			buildSettings = {
				CODE_SIGN_STYLE = Automatic;
				DEVELOPMENT_TEAM = 222F9N4PWP;
				ENABLE_HARDENED_RUNTIME = YES;
				PRODUCT_NAME = "$(TARGET_NAME)";
			};
			name = Release;
		};
/* End XCBuildConfiguration section */

/* Begin XCConfigurationList section */
		C33D1F9B246025260035389D /* Build configuration list for PBXProject "linkedlist" */ = {
			isa = XCConfigurationList;
			buildConfigurations = (
				C33D1FA5246025260035389D /* Debug */,
				C33D1FA6246025260035389D /* Release */,
			);
			defaultConfigurationIsVisible = 0;
			defaultConfigurationName = Release;
		};
		C33D1FC8246654240035389D /* Build configuration list for PBXNativeTarget "单链表" */ = {
			isa = XCConfigurationList;
			buildConfigurations = (
				C33D1FC9246654240035389D /* Debug */,
				C33D1FCA246654240035389D /* Release */,
			);
			defaultConfigurationIsVisible = 0;
			defaultConfigurationName = Release;
		};
		C33D1FD324669F070035389D /* Build configuration list for PBXNativeTarget "双链表" */ = {
			isa = XCConfigurationList;
			buildConfigurations = (
				C33D1FD424669F070035389D /* Debug */,
				C33D1FD524669F070035389D /* Release */,
			);
			defaultConfigurationIsVisible = 0;
			defaultConfigurationName = Release;
		};
		C3AFD72A2466A829006F24F4 /* Build configuration list for PBXNativeTarget "单向循环链表" */ = {
			isa = XCConfigurationList;
			buildConfigurations = (
				C3AFD7282466A829006F24F4 /* Debug */,
				C3AFD7292466A829006F24F4 /* Release */,
			);
			defaultConfigurationIsVisible = 0;
			defaultConfigurationName = Release;
		};
/* End XCConfigurationList section */
	};
	rootObject = C33D1F98246025260035389D /* Project object */;
}
